
Microsoft Visual Studio Solution File, Format Version 12.00
# Visual Studio Version 17
VisualStudioVersion = 17.5.33502.453
MinimumVisualStudioVersion = 10.0.40219.1
Project("{FAE04EC0-301F-11D3-BF4B-00C04F79EFBC}") = "MVC_WEBAPI_CORE", "MVC_WEBAPI_CORE\MVC_WEBAPI_CORE.csproj", "{45CEB2BD-632B-4303-86EC-1A5B22E05A92}"
EndProject
Global
	GlobalSection(SolutionConfigurationPlatforms) = preSolution
		Debug|Any CPU = Debug|Any CPU
		Release|Any CPU = Release|Any CPU
	EndGlobalSection
	GlobalSection(ProjectConfigurationPlatforms) = postSolution
		{45CEB2BD-632B-4303-86EC-1A5B22E05A92}.Debug|Any CPU.ActiveCfg = Debug|Any CPU
		{45CEB2BD-632B-4303-86EC-1A5B22E05A92}.Debug|Any CPU.Build.0 = Debug|Any CPU
		{45CEB2BD-632B-4303-86EC-1A5B22E05A92}.Release|Any CPU.ActiveCfg = Release|Any CPU
		{45CEB2BD-632B-4303-86EC-1A5B22E05A92}.Release|Any CPU.Build.0 = Release|Any CPU
	EndGlobalSection
	GlobalSection(SolutionProperties) = preSolution
		HideSolutionNode = FALSE
	EndGlobalSection
	GlobalSection(ExtensibilityGlobals) = postSolution
		SolutionGuid = {65C82D25-A371-4065-A832-F19836B2DBE8}
	EndGlobalSection
EndGlobal
